
Microsoft Visual Studio Solution File, Format Version 12.00
# Visual Studio Version 17
VisualStudioVersion = 17.10.35004.147
MinimumVisualStudioVersion = 10.0.40219.1
Project("{FAE04EC0-301F-11D3-BF4B-00C04F79EFBC}") = "Diagram", "Diagram\Diagram.csproj", "{480BE7A6-B6AE-4CFE-896E-AA79CFDAE121}"
EndProject
Project("{FAE04EC0-301F-11D3-BF4B-00C04F79EFBC}") = "Business", "Business\Business.csproj", "{BCB68C93-CF6C-4173-ADCB-12FFEAD687A5}"
EndProject
Project("{FAE04EC0-301F-11D3-BF4B-00C04F79EFBC}") = "Data", "data\Data.csproj", "{314BF828-3D4D-4E46-BC59-B1B07DF77391}"
EndProject
Project("{FAE04EC0-301F-11D3-BF4B-00C04F79EFBC}") = "Entity", "Entity\Entity.csproj", "{D90E19D5-E66B-46B5-BD19-961CAD0E689E}"
EndProject
Project("{FAE04EC0-301F-11D3-BF4B-00C04F79EFBC}") = "Utilities", "Utilities\Utilities.csproj", "{2763FBAE-D1DE-4AFE-B32E-433D5E36AD9B}"
EndProject
Global
	GlobalSection(SolutionConfigurationPlatforms) = preSolution
		Debug|Any CPU = Debug|Any CPU
		Release|Any CPU = Release|Any CPU
	EndGlobalSection
	GlobalSection(ProjectConfigurationPlatforms) = postSolution
		{480BE7A6-B6AE-4CFE-896E-AA79CFDAE121}.Debug|Any CPU.ActiveCfg = Debug|Any CPU
		{480BE7A6-B6AE-4CFE-896E-AA79CFDAE121}.Debug|Any CPU.Build.0 = Debug|Any CPU
		{480BE7A6-B6AE-4CFE-896E-AA79CFDAE121}.Release|Any CPU.ActiveCfg = Release|Any CPU
		{480BE7A6-B6AE-4CFE-896E-AA79CFDAE121}.Release|Any CPU.Build.0 = Release|Any CPU
		{BCB68C93-CF6C-4173-ADCB-12FFEAD687A5}.Debug|Any CPU.ActiveCfg = Debug|Any CPU
		{BCB68C93-CF6C-4173-ADCB-12FFEAD687A5}.Debug|Any CPU.Build.0 = Debug|Any CPU
		{BCB68C93-CF6C-4173-ADCB-12FFEAD687A5}.Release|Any CPU.ActiveCfg = Release|Any CPU
		{BCB68C93-CF6C-4173-ADCB-12FFEAD687A5}.Release|Any CPU.Build.0 = Release|Any CPU
		{314BF828-3D4D-4E46-BC59-B1B07DF77391}.Debug|Any CPU.ActiveCfg = Debug|Any CPU
		{314BF828-3D4D-4E46-BC59-B1B07DF77391}.Debug|Any CPU.Build.0 = Debug|Any CPU
		{314BF828-3D4D-4E46-BC59-B1B07DF77391}.Release|Any CPU.ActiveCfg = Release|Any CPU
		{314BF828-3D4D-4E46-BC59-B1B07DF77391}.Release|Any CPU.Build.0 = Release|Any CPU
		{D90E19D5-E66B-46B5-BD19-961CAD0E689E}.Debug|Any CPU.ActiveCfg = Debug|Any CPU
		{D90E19D5-E66B-46B5-BD19-961CAD0E689E}.Debug|Any CPU.Build.0 = Debug|Any CPU
		{D90E19D5-E66B-46B5-BD19-961CAD0E689E}.Release|Any CPU.ActiveCfg = Release|Any CPU
		{D90E19D5-E66B-46B5-BD19-961CAD0E689E}.Release|Any CPU.Build.0 = Release|Any CPU
		{2763FBAE-D1DE-4AFE-B32E-433D5E36AD9B}.Debug|Any CPU.ActiveCfg = Debug|Any CPU
		{2763FBAE-D1DE-4AFE-B32E-433D5E36AD9B}.Debug|Any CPU.Build.0 = Debug|Any CPU
		{2763FBAE-D1DE-4AFE-B32E-433D5E36AD9B}.Release|Any CPU.ActiveCfg = Release|Any CPU
		{2763FBAE-D1DE-4AFE-B32E-433D5E36AD9B}.Release|Any CPU.Build.0 = Release|Any CPU
	EndGlobalSection
	GlobalSection(SolutionProperties) = preSolution
		HideSolutionNode = FALSE
	EndGlobalSection
	GlobalSection(ExtensibilityGlobals) = postSolution
		SolutionGuid = {017DBC0C-4D3C-416A-A7A0-DBF7E79D2ECE}
	EndGlobalSection
EndGlobal
